
Microsoft Visual Studio Solution File, Format Version 12.00
# Visual Studio Version 16
VisualStudioVersion = 16.0.31729.503
MinimumVisualStudioVersion = 10.0.40219.1
Project("{888888A0-9F3D-457C-B088-3A5042F75D52}") = "europa", "europa\europa.pyproj", "{F2965D4E-7785-4758-B75C-5B23A23FA02A}"
EndProject
Global
	GlobalSection(SolutionConfigurationPlatforms) = preSolution
		Debug|Any CPU = Debug|Any CPU
		Release|Any CPU = Release|Any CPU
	EndGlobalSection
	GlobalSection(ProjectConfigurationPlatforms) = postSolution
		{F2965D4E-7785-4758-B75C-5B23A23FA02A}.Debug|Any CPU.ActiveCfg = Debug|Any CPU
		{F2965D4E-7785-4758-B75C-5B23A23FA02A}.Release|Any CPU.ActiveCfg = Release|Any CPU
	EndGlobalSection
	GlobalSection(SolutionProperties) = preSolution
		HideSolutionNode = FALSE
	EndGlobalSection
	GlobalSection(ExtensibilityGlobals) = postSolution
		SolutionGuid = {54918A90-87EB-4CD0-91D7-9BBEE381C636}
	EndGlobalSection
EndGlobal
